<Solution>
  <Folder Name="/Solution Items/">
    <File Path="Directory.Build.props" />
    <File Path="GameLibs.props" />
    <File Path="NeutroniumVersion.props" />
  </Folder>
  <Project Path="NeutroniumApi.CodeGen/NeutroniumApi.CodeGen.csproj" Id="33a3e97b-b85b-4603-b510-c94b6cb3eefb">
    <BuildDependency Project="NeutroniumCore/NeutroniumCore.csproj" />
  </Project>
  <Project Path="NeutroniumApi.Interfaces/NeutroniumApi.Interfaces.csproj" Id="f201e218-bad8-46d7-87de-3fd3497f910b" />
  <Project Path="NeutroniumApi.MergeLib/NeutroniumApi.MergeLib.csproj" Id="7b0819cb-62ec-44dd-b0be-88d903f013b2">
    <BuildDependency Project="NeutroniumCore/NeutroniumCore.csproj" />
  </Project>
  <Project Path="NeutroniumCore/NeutroniumCore.csproj" />
  <Project Path="NeutroniumLoader/NeutroniumLoader.csproj">
    <BuildDependency Project="NeutroniumCore/NeutroniumCore.csproj" />
  </Project>
</Solution>
